
Microsoft Visual Studio Solution File, Format Version 12.00
# Visual Studio Version 17
VisualStudioVersion = 17.4.33205.214
MinimumVisualStudioVersion = 10.0.40219.1
Project("{FAE04EC0-301F-11D3-BF4B-00C04F79EFBC}") = "PersonelProje", "PersonelProje\PersonelProje.csproj", "{8FF14675-A60C-455B-B33C-1B6BD7DA245E}"
EndProject
Global
	GlobalSection(SolutionConfigurationPlatforms) = preSolution
		Debug|Any CPU = Debug|Any CPU
		Release|Any CPU = Release|Any CPU
	EndGlobalSection
	GlobalSection(ProjectConfigurationPlatforms) = postSolution
		{8FF14675-A60C-455B-B33C-1B6BD7DA245E}.Debug|Any CPU.ActiveCfg = Debug|Any CPU
		{8FF14675-A60C-455B-B33C-1B6BD7DA245E}.Debug|Any CPU.Build.0 = Debug|Any CPU
		{8FF14675-A60C-455B-B33C-1B6BD7DA245E}.Release|Any CPU.ActiveCfg = Release|Any CPU
		{8FF14675-A60C-455B-B33C-1B6BD7DA245E}.Release|Any CPU.Build.0 = Release|Any CPU
	EndGlobalSection
	GlobalSection(SolutionProperties) = preSolution
		HideSolutionNode = FALSE
	EndGlobalSection
	GlobalSection(ExtensibilityGlobals) = postSolution
		SolutionGuid = {D4241D2A-2515-4F3F-9146-00D06F5DFBF8}
	EndGlobalSection
EndGlobal
